
Microsoft Visual Studio Solution File, Format Version 12.00
# Visual Studio Version 16
VisualStudioVersion = 16.0.31025.194
MinimumVisualStudioVersion = 10.0.40219.1
Project("{FAE04EC0-301F-11D3-BF4B-00C04F79EFBC}") = "WhoIs", "WhoIs\WhoIs.csproj", "{9EC81EED-B894-4244-BA3A-7C132DE765D5}"
EndProject
Global
	GlobalSection(SolutionConfigurationPlatforms) = preSolution
		Debug|Any CPU = Debug|Any CPU
		Release|Any CPU = Release|Any CPU
	EndGlobalSection
	GlobalSection(ProjectConfigurationPlatforms) = postSolution
		{9EC81EED-B894-4244-BA3A-7C132DE765D5}.Debug|Any CPU.ActiveCfg = Debug|Any CPU
		{9EC81EED-B894-4244-BA3A-7C132DE765D5}.Debug|Any CPU.Build.0 = Debug|Any CPU
		{9EC81EED-B894-4244-BA3A-7C132DE765D5}.Release|Any CPU.ActiveCfg = Release|Any CPU
		{9EC81EED-B894-4244-BA3A-7C132DE765D5}.Release|Any CPU.Build.0 = Release|Any CPU
	EndGlobalSection
	GlobalSection(SolutionProperties) = preSolution
		HideSolutionNode = FALSE
	EndGlobalSection
	GlobalSection(ExtensibilityGlobals) = postSolution
		SolutionGuid = {CE6D9738-6A21-4526-9568-F52B8044A2AE}
	EndGlobalSection
EndGlobal
